# This file is automatically @generated by Poetry 1.6.1 and should not be changed by hand.

[[package]]
name = "hgtk"
version = "0.2.1"
description = "Toolkit for Hangul composing, decomposing and etc..."
optional = false
python-versions = "*"
files = [
    {file = "hgtk-0.2.1-py2.py3-none-any.whl", hash = "sha256:f3e33dacf6ab2564f6257418b718e2c7a4ae9fffa32e18d6c4f6278b72ba73ee"},
]

[metadata]
lock-version = "2.0"
python-versions = "^3.11"
content-hash = "e8ca62c52f7f9addc8f7b86deda05ffa3253b8d0a70271402b729f7b8ed40e27"
